
Microsoft Visual Studio Solution File, Format Version 12.00
# Visual Studio Version 16
VisualStudioVersion = 16.0.30907.101
MinimumVisualStudioVersion = 10.0.40219.1
Project("{8BC9CEB8-8B4A-11D0-8D11-00A0C91BC942}") = "Project2", "Project2\Project2.vcxproj", "{AC8FF4BA-1A85-4933-A850-64B34DD3BD36}"
EndProject
Global
	GlobalSection(SolutionConfigurationPlatforms) = preSolution
		Debug|x64 = Debug|x64
		Debug|x86 = Debug|x86
		Release|x64 = Release|x64
		Release|x86 = Release|x86
	EndGlobalSection
	GlobalSection(ProjectConfigurationPlatforms) = postSolution
		{AC8FF4BA-1A85-4933-A850-64B34DD3BD36}.Debug|x64.ActiveCfg = Debug|x64
		{AC8FF4BA-1A85-4933-A850-64B34DD3BD36}.Debug|x64.Build.0 = Debug|x64
		{AC8FF4BA-1A85-4933-A850-64B34DD3BD36}.Debug|x86.ActiveCfg = Debug|Win32
		{AC8FF4BA-1A85-4933-A850-64B34DD3BD36}.Debug|x86.Build.0 = Debug|Win32
		{AC8FF4BA-1A85-4933-A850-64B34DD3BD36}.Release|x64.ActiveCfg = Release|x64
		{AC8FF4BA-1A85-4933-A850-64B34DD3BD36}.Release|x64.Build.0 = Release|x64
		{AC8FF4BA-1A85-4933-A850-64B34DD3BD36}.Release|x86.ActiveCfg = Release|Win32
		{AC8FF4BA-1A85-4933-A850-64B34DD3BD36}.Release|x86.Build.0 = Release|Win32
	EndGlobalSection
	GlobalSection(SolutionProperties) = preSolution
		HideSolutionNode = FALSE
	EndGlobalSection
	GlobalSection(ExtensibilityGlobals) = postSolution
		SolutionGuid = {C778EBAC-0F42-48DC-ADFB-5504B0A14744}
	EndGlobalSection
EndGlobal
